
Microsoft Visual Studio Solution File, Format Version 12.00
# Visual Studio 15
Project("{FAE04EC0-301F-11D3-BF4B-00C04F79EFBC}") = "asset-store-tools-editor", "asset-store-tools-editor.csproj", "{1E46EAAD-25ED-51F8-840A-CE3F7373C8E5}"
EndProject
Project("{FAE04EC0-301F-11D3-BF4B-00C04F79EFBC}") = "Assembly-CSharp", "Assembly-CSharp.csproj", "{E31FCF71-89A2-E75F-BB3D-0AD4AB4BC7DD}"
EndProject
Global
	GlobalSection(SolutionConfigurationPlatforms) = preSolution
		Debug|Any CPU = Debug|Any CPU
		Release|Any CPU = Release|Any CPU
	EndGlobalSection
	GlobalSection(ProjectConfigurationPlatforms) = postSolution
		{1E46EAAD-25ED-51F8-840A-CE3F7373C8E5}.Debug|Any CPU.ActiveCfg = Debug|Any CPU
		{1E46EAAD-25ED-51F8-840A-CE3F7373C8E5}.Debug|Any CPU.Build.0 = Debug|Any CPU
		{1E46EAAD-25ED-51F8-840A-CE3F7373C8E5}.Release|Any CPU.ActiveCfg = Release|Any CPU
		{1E46EAAD-25ED-51F8-840A-CE3F7373C8E5}.Release|Any CPU.Build.0 = Release|Any CPU
		{E31FCF71-89A2-E75F-BB3D-0AD4AB4BC7DD}.Debug|Any CPU.ActiveCfg = Debug|Any CPU
		{E31FCF71-89A2-E75F-BB3D-0AD4AB4BC7DD}.Debug|Any CPU.Build.0 = Debug|Any CPU
		{E31FCF71-89A2-E75F-BB3D-0AD4AB4BC7DD}.Release|Any CPU.ActiveCfg = Release|Any CPU
		{E31FCF71-89A2-E75F-BB3D-0AD4AB4BC7DD}.Release|Any CPU.Build.0 = Release|Any CPU
	EndGlobalSection
	GlobalSection(SolutionProperties) = preSolution
		HideSolutionNode = FALSE
	EndGlobalSection
EndGlobal
